# THIS IS AN AUTOGENERATED FILE. DO NOT EDIT THIS FILE DIRECTLY.
# yarn lockfile v1


"@influxdata/influxdb-client@^1.30.0":
  version "1.30.0"
  resolved "https://registry.yarnpkg.com/@influxdata/influxdb-client/-/influxdb-client-1.30.0.tgz#436561b3986a1fd7dbc8aea6ad982468c7e55425"
  integrity sha512-vorFkWXjrFuH49nLLGeP0mFzXcFLRZA6yrE33mFRaLZIJ/tx6f9m8iNMhOs1LQ/yknLUnYY/z97KLIWz1xrqbQ==
